
Microsoft Visual Studio Solution File, Format Version 12.00
# Visual Studio Version 17
VisualStudioVersion = 17.5.33502.453
MinimumVisualStudioVersion = 10.0.40219.1
Project("{FAE04EC0-301F-11D3-BF4B-00C04F79EFBC}") = "Y3", "Y3\Y3.csproj", "{817BD7DC-731E-463E-898F-2CE72FDCA93C}"
EndProject
Global
	GlobalSection(SolutionConfigurationPlatforms) = preSolution
		Debug|Any CPU = Debug|Any CPU
		Release|Any CPU = Release|Any CPU
	EndGlobalSection
	GlobalSection(ProjectConfigurationPlatforms) = postSolution
		{817BD7DC-731E-463E-898F-2CE72FDCA93C}.Debug|Any CPU.ActiveCfg = Debug|Any CPU
		{817BD7DC-731E-463E-898F-2CE72FDCA93C}.Debug|Any CPU.Build.0 = Debug|Any CPU
		{817BD7DC-731E-463E-898F-2CE72FDCA93C}.Release|Any CPU.ActiveCfg = Release|Any CPU
		{817BD7DC-731E-463E-898F-2CE72FDCA93C}.Release|Any CPU.Build.0 = Release|Any CPU
	EndGlobalSection
	GlobalSection(SolutionProperties) = preSolution
		HideSolutionNode = FALSE
	EndGlobalSection
	GlobalSection(ExtensibilityGlobals) = postSolution
		SolutionGuid = {B75BD4C3-A0C2-461B-AC3B-169E5B901F76}
	EndGlobalSection
EndGlobal
